// !$*UTF8*$!
{
	archiveVersion = 1;
	classes = {
	};
	objectVersion = 50;
	objects = {

/* Begin PBXBuildFile section */
		1DDB0CFD24562D73009CA816 /* AppDelegate.swift in Sources */ = {isa = PBXBuildFile; fileRef = 1DDB0CFC24562D73009CA816 /* AppDelegate.swift */; };
		1DDB0CFF24562D73009CA816 /* SceneDelegate.swift in Sources */ = {isa = PBXBuildFile; fileRef = 1DDB0CFE24562D73009CA816 /* SceneDelegate.swift */; };
		1DDB0D0124562D73009CA816 /* ViewController.swift in Sources */ = {isa = PBXBuildFile; fileRef = 1DDB0D0024562D73009CA816 /* ViewController.swift */; };
		1DDB0D0424562D73009CA816 /* Main.storyboard in Resources */ = {isa = PBXBuildFile; fileRef = 1DDB0D0224562D73009CA816 /* Main.storyboard */; };
		1DDB0D0624562D78009CA816 /* Assets.xcassets in Resources */ = {isa = PBXBuildFile; fileRef = 1DDB0D0524562D78009CA816 /* Assets.xcassets */; };
		1DDB0D0924562D78009CA816 /* LaunchScreen.storyboard in Resources */ = {isa = PBXBuildFile; fileRef = 1DDB0D0724562D78009CA816 /* LaunchScreen.storyboard */; };
		1DFE71F82456374D00FF61FD /* CreateTaskVC.swift in Sources */ = {isa = PBXBuildFile; fileRef = 1DFE71F72456374D00FF61FD /* CreateTaskVC.swift */; };
		1DFE71FA2456382C00FF61FD /* VC+Constraints.swift in Sources */ = {isa = PBXBuildFile; fileRef = 1DFE71F92456382C00FF61FD /* VC+Constraints.swift */; };
/* End PBXBuildFile section */

/* Begin PBXFileReference section */
		1DDB0CF924562D73009CA816 /* toDoList.app */ = {isa = PBXFileReference; explicitFileType = wrapper.application; includeInIndex = 0; path = toDoList.app; sourceTree = BUILT_PRODUCTS_DIR; };
		1DDB0CFC24562D73009CA816 /* AppDelegate.swift */ = {isa = PBXFileReference; lastKnownFileType = sourcecode.swift; path = AppDelegate.swift; sourceTree = "<group>"; };
		1DDB0CFE24562D73009CA816 /* SceneDelegate.swift */ = {isa = PBXFileReference; lastKnownFileType = sourcecode.swift; path = SceneDelegate.swift; sourceTree = "<group>"; };
		1DDB0D0024562D73009CA816 /* ViewController.swift */ = {isa = PBXFileReference; lastKnownFileType = sourcecode.swift; path = ViewController.swift; sourceTree = "<group>"; };
		1DDB0D0324562D73009CA816 /* Base */ = {isa = PBXFileReference; lastKnownFileType = file.storyboard; name = Base; path = Base.lproj/Main.storyboard; sourceTree = "<group>"; };
		1DDB0D0524562D78009CA816 /* Assets.xcassets */ = {isa = PBXFileReference; lastKnownFileType = folder.assetcatalog; path = Assets.xcassets; sourceTree = "<group>"; };
		1DDB0D0824562D78009CA816 /* Base */ = {isa = PBXFileReference; lastKnownFileType = file.storyboard; name = Base; path = Base.lproj/LaunchScreen.storyboard; sourceTree = "<group>"; };
		1DDB0D0A24562D78009CA816 /* Info.plist */ = {isa = PBXFileReference; lastKnownFileType = text.plist.xml; path = Info.plist; sourceTree = "<group>"; };
		1DFE71F72456374D00FF61FD /* CreateTaskVC.swift */ = {isa = PBXFileReference; lastKnownFileType = sourcecode.swift; path = CreateTaskVC.swift; sourceTree = "<group>"; };
		1DFE71F92456382C00FF61FD /* VC+Constraints.swift */ = {isa = PBXFileReference; lastKnownFileType = sourcecode.swift; path = "VC+Constraints.swift"; sourceTree = "<group>"; };
/* End PBXFileReference section */

/* Begin PBXFrameworksBuildPhase section */
		1DDB0CF624562D73009CA816 /* Frameworks */ = {
			isa = PBXFrameworksBuildPhase;
			buildActionMask = 2147483647;
			files = (
			);
			runOnlyForDeploymentPostprocessing = 0;
		};
/* End PBXFrameworksBuildPhase section */

/* Begin PBXGroup section */
		1DDB0CF024562D73009CA816 = {
			isa = PBXGroup;
			children = (
				1DDB0CFB24562D73009CA816 /* toDoList */,
				1DDB0CFA24562D73009CA816 /* Products */,
			);
			sourceTree = "<group>";
		};
		1DDB0CFA24562D73009CA816 /* Products */ = {
			isa = PBXGroup;
			children = (
				1DDB0CF924562D73009CA816 /* toDoList.app */,
			);
			name = Products;
			sourceTree = "<group>";
		};
		1DDB0CFB24562D73009CA816 /* toDoList */ = {
			isa = PBXGroup;
			children = (
				1DDB0D1324562E56009CA816 /* Controllers */,
				1DDB0D1224562E52009CA816 /* Models */,
				1DDB0D1124562E45009CA816 /* Views */,
				1DDB0D1024562E41009CA816 /* Supporting */,
				1DDB0D0A24562D78009CA816 /* Info.plist */,
			);
			path = toDoList;
			sourceTree = "<group>";
		};
		1DDB0D1024562E41009CA816 /* Supporting */ = {
			isa = PBXGroup;
			children = (
				1DDB0CFE24562D73009CA816 /* SceneDelegate.swift */,
				1DDB0CFC24562D73009CA816 /* AppDelegate.swift */,
				1DDB0D0724562D78009CA816 /* LaunchScreen.storyboard */,
				1DDB0D0524562D78009CA816 /* Assets.xcassets */,
			);
			path = Supporting;
			sourceTree = "<group>";
		};
		1DDB0D1124562E45009CA816 /* Views */ = {
			isa = PBXGroup;
			children = (
				1DDB0D0224562D73009CA816 /* Main.storyboard */,
			);
			path = Views;
			sourceTree = "<group>";
		};
		1DDB0D1224562E52009CA816 /* Models */ = {
			isa = PBXGroup;
			children = (
			);
			path = Models;
			sourceTree = "<group>";
		};
		1DDB0D1324562E56009CA816 /* Controllers */ = {
			isa = PBXGroup;
			children = (
				1DDB0D0024562D73009CA816 /* ViewController.swift */,
				1DFE71F92456382C00FF61FD /* VC+Constraints.swift */,
				1DFE71F72456374D00FF61FD /* CreateTaskVC.swift */,
			);
			path = Controllers;
			sourceTree = "<group>";
		};
/* End PBXGroup section */

/* Begin PBXNativeTarget section */
		1DDB0CF824562D73009CA816 /* toDoList */ = {
			isa = PBXNativeTarget;
			buildConfigurationList = 1DDB0D0D24562D78009CA816 /* Build configuration list for PBXNativeTarget "toDoList" */;
			buildPhases = (
				1DDB0CF524562D73009CA816 /* Sources */,
				1DDB0CF624562D73009CA816 /* Frameworks */,
				1DDB0CF724562D73009CA816 /* Resources */,
			);
			buildRules = (
			);
			dependencies = (
			);
			name = toDoList;
			productName = toDoList;
			productReference = 1DDB0CF924562D73009CA816 /* toDoList.app */;
			productType = "com.apple.product-type.application";
		};
/* End PBXNativeTarget section */

/* Begin PBXProject section */
		1DDB0CF124562D73009CA816 /* Project object */ = {
			isa = PBXProject;
			attributes = {
				LastSwiftUpdateCheck = 1130;
				LastUpgradeCheck = 1130;
				ORGANIZATIONNAME = "Radharani Ribas-Valongo";
				TargetAttributes = {
					1DDB0CF824562D73009CA816 = {
						CreatedOnToolsVersion = 11.3.1;
					};
				};
			};
			buildConfigurationList = 1DDB0CF424562D73009CA816 /* Build configuration list for PBXProject "toDoList" */;
			compatibilityVersion = "Xcode 9.3";
			developmentRegion = en;
			hasScannedForEncodings = 0;
			knownRegions = (
				en,
				Base,
			);
			mainGroup = 1DDB0CF024562D73009CA816;
			productRefGroup = 1DDB0CFA24562D73009CA816 /* Products */;
			projectDirPath = "";
			projectRoot = "";
			targets = (
				1DDB0CF824562D73009CA816 /* toDoList */,
			);
		};
/* End PBXProject section */

/* Begin PBXResourcesBuildPhase section */
		1DDB0CF724562D73009CA816 /* Resources */ = {
			isa = PBXResourcesBuildPhase;
			buildActionMask = 2147483647;
			files = (
				1DDB0D0924562D78009CA816 /* LaunchScreen.storyboard in Resources */,
				1DDB0D0624562D78009CA816 /* Assets.xcassets in Resources */,
				1DDB0D0424562D73009CA816 /* Main.storyboard in Resources */,
			);
			runOnlyForDeploymentPostprocessing = 0;
		};
/* End PBXResourcesBuildPhase section */

/* Begin PBXSourcesBuildPhase section */
		1DDB0CF524562D73009CA816 /* Sources */ = {
			isa = PBXSourcesBuildPhase;
			buildActionMask = 2147483647;
			files = (
				1DDB0D0124562D73009CA816 /* ViewController.swift in Sources */,
				1DFE71FA2456382C00FF61FD /* VC+Constraints.swift in Sources */,
				1DFE71F82456374D00FF61FD /* CreateTaskVC.swift in Sources */,
				1DDB0CFD24562D73009CA816 /* AppDelegate.swift in Sources */,
				1DDB0CFF24562D73009CA816 /* SceneDelegate.swift in Sources */,
			);
			runOnlyForDeploymentPostprocessing = 0;
		};
/* End PBXSourcesBuildPhase section */

/* Begin PBXVariantGroup section */
		1DDB0D0224562D73009CA816 /* Main.storyboard */ = {
			isa = PBXVariantGroup;
			children = (
				1DDB0D0324562D73009CA816 /* Base */,
			);
			name = Main.storyboard;
			sourceTree = "<group>";
		};
		1DDB0D0724562D78009CA816 /* LaunchScreen.storyboard */ = {
			isa = PBXVariantGroup;
			children = (
				1DDB0D0824562D78009CA816 /* Base */,
			);
			name = LaunchScreen.storyboard;
			sourceTree = "<group>";
		};
/* End PBXVariantGroup section */

/* Begin XCBuildConfiguration section */
		1DDB0D0B24562D78009CA816 /* Debug */ = {
			isa = XCBuildConfiguration;
			buildSettings = {
				ALWAYS_SEARCH_USER_PATHS = NO;
				CLANG_ANALYZER_NONNULL = YES;
				CLANG_ANALYZER_NUMBER_OBJECT_CONVERSION = YES_AGGRESSIVE;
				CLANG_CXX_LANGUAGE_STANDARD = "gnu++14";
				CLANG_CXX_LIBRARY = "libc++";
				CLANG_ENABLE_MODULES = YES;
				CLANG_ENABLE_OBJC_ARC = YES;
				CLANG_ENABLE_OBJC_WEAK = YES;
				CLANG_WARN_BLOCK_CAPTURE_AUTORELEASING = YES;
				CLANG_WARN_BOOL_CONVERSION = YES;
				CLANG_WARN_COMMA = YES;
				CLANG_WARN_CONSTANT_CONVERSION = YES;
				CLANG_WARN_DEPRECATED_OBJC_IMPLEMENTATIONS = YES;
				CLANG_WARN_DIRECT_OBJC_ISA_USAGE = YES_ERROR;
				CLANG_WARN_DOCUMENTATION_COMMENTS = YES;
				CLANG_WARN_EMPTY_BODY = YES;
				CLANG_WARN_ENUM_CONVERSION = YES;
				CLANG_WARN_INFINITE_RECURSION = YES;
				CLANG_WARN_INT_CONVERSION = YES;
				CLANG_WARN_NON_LITERAL_NULL_CONVERSION = YES;
				CLANG_WARN_OBJC_IMPLICIT_RETAIN_SELF = YES;
				CLANG_WARN_OBJC_LITERAL_CONVERSION = YES;
				CLANG_WARN_OBJC_ROOT_CLASS = YES_ERROR;
				CLANG_WARN_RANGE_LOOP_ANALYSIS = YES;
				CLANG_WARN_STRICT_PROTOTYPES = YES;
				CLANG_WARN_SUSPICIOUS_MOVE = YES;
				CLANG_WARN_UNGUARDED_AVAILABILITY = YES_AGGRESSIVE;
				CLANG_WARN_UNREACHABLE_CODE = YES;
				CLANG_WARN__DUPLICATE_METHOD_MATCH = YES;
				COPY_PHASE_STRIP = NO;
				DEBUG_INFORMATION_FORMAT = dwarf;
				ENABLE_STRICT_OBJC_MSGSEND = YES;
				ENABLE_TESTABILITY = YES;
				GCC_C_LANGUAGE_STANDARD = gnu11;
				GCC_DYNAMIC_NO_PIC = NO;
				GCC_NO_COMMON_BLOCKS = YES;
				GCC_OPTIMIZATION_LEVEL = 0;
				GCC_PREPROCESSOR_DEFINITIONS = (
					"DEBUG=1",
					"$(inherited)",
				);
				GCC_WARN_64_TO_32_BIT_CONVERSION = YES;
				GCC_WARN_ABOUT_RETURN_TYPE = YES_ERROR;
				GCC_WARN_UNDECLARED_SELECTOR = YES;
				GCC_WARN_UNINITIALIZED_AUTOS = YES_AGGRESSIVE;
				GCC_WARN_UNUSED_FUNCTION = YES;
				GCC_WARN_UNUSED_VARIABLE = YES;
				IPHONEOS_DEPLOYMENT_TARGET = 13.2;
				MTL_ENABLE_DEBUG_INFO = INCLUDE_SOURCE;
				MTL_FAST_MATH = YES;
				ONLY_ACTIVE_ARCH = YES;
				SDKROOT = iphoneos;
				SWIFT_ACTIVE_COMPILATION_CONDITIONS = DEBUG;
				SWIFT_OPTIMIZATION_LEVEL = "-Onone";
			};
			name = Debug;
		};
		1DDB0D0C24562D78009CA816 /* Release */ = {
			isa = XCBuildConfiguration;
			buildSettings = {
				ALWAYS_SEARCH_USER_PATHS = NO;
				CLANG_ANALYZER_NONNULL = YES;
				CLANG_ANALYZER_NUMBER_OBJECT_CONVERSION = YES_AGGRESSIVE;
				CLANG_CXX_LANGUAGE_STANDARD = "gnu++14";
				CLANG_CXX_LIBRARY = "libc++";
				CLANG_ENABLE_MODULES = YES;
				CLANG_ENABLE_OBJC_ARC = YES;
				CLANG_ENABLE_OBJC_WEAK = YES;
				CLANG_WARN_BLOCK_CAPTURE_AUTORELEASING = YES;
				CLANG_WARN_BOOL_CONVERSION = YES;
				CLANG_WARN_COMMA = YES;
				CLANG_WARN_CONSTANT_CONVERSION = YES;
				CLANG_WARN_DEPRECATED_OBJC_IMPLEMENTATIONS = YES;
				CLANG_WARN_DIRECT_OBJC_ISA_USAGE = YES_ERROR;
				CLANG_WARN_DOCUMENTATION_COMMENTS = YES;
				CLANG_WARN_EMPTY_BODY = YES;
				CLANG_WARN_ENUM_CONVERSION = YES;
				CLANG_WARN_INFINITE_RECURSION = YES;
				CLANG_WARN_INT_CONVERSION = YES;
				CLANG_WARN_NON_LITERAL_NULL_CONVERSION = YES;
				CLANG_WARN_OBJC_IMPLICIT_RETAIN_SELF = YES;
				CLANG_WARN_OBJC_LITERAL_CONVERSION = YES;
				CLANG_WARN_OBJC_ROOT_CLASS = YES_ERROR;
				CLANG_WARN_RANGE_LOOP_ANALYSIS = YES;
				CLANG_WARN_STRICT_PROTOTYPES = YES;
				CLANG_WARN_SUSPICIOUS_MOVE = YES;
				CLANG_WARN_UNGUARDED_AVAILABILITY = YES_AGGRESSIVE;
				CLANG_WARN_UNREACHABLE_CODE = YES;
				CLANG_WARN__DUPLICATE_METHOD_MATCH = YES;
				COPY_PHASE_STRIP = NO;
				DEBUG_INFORMATION_FORMAT = "dwarf-with-dsym";
				ENABLE_NS_ASSERTIONS = NO;
				ENABLE_STRICT_OBJC_MSGSEND = YES;
				GCC_C_LANGUAGE_STANDARD = gnu11;
				GCC_NO_COMMON_BLOCKS = YES;
				GCC_WARN_64_TO_32_BIT_CONVERSION = YES;
				GCC_WARN_ABOUT_RETURN_TYPE = YES_ERROR;
				GCC_WARN_UNDECLARED_SELECTOR = YES;
				GCC_WARN_UNINITIALIZED_AUTOS = YES_AGGRESSIVE;
				GCC_WARN_UNUSED_FUNCTION = YES;
				GCC_WARN_UNUSED_VARIABLE = YES;
				IPHONEOS_DEPLOYMENT_TARGET = 13.2;
				MTL_ENABLE_DEBUG_INFO = NO;
				MTL_FAST_MATH = YES;
				SDKROOT = iphoneos;
				SWIFT_COMPILATION_MODE = wholemodule;
				SWIFT_OPTIMIZATION_LEVEL = "-O";
				VALIDATE_PRODUCT = YES;
			};
			name = Release;
		};
		1DDB0D0E24562D78009CA816 /* Debug */ = {
			isa = XCBuildConfiguration;
			buildSettings = {
				ASSETCATALOG_COMPILER_APPICON_NAME = AppIcon;
				CODE_SIGN_STYLE = Automatic;
				INFOPLIST_FILE = toDoList/Info.plist;
				LD_RUNPATH_SEARCH_PATHS = (
					"$(inherited)",
					"@executable_path/Frameworks",
				);
				PRODUCT_BUNDLE_IDENTIFIER = Rad.toDoList;
				PRODUCT_NAME = "$(TARGET_NAME)";
				SWIFT_VERSION = 5.0;
				TARGETED_DEVICE_FAMILY = "1,2";
			};
			name = Debug;
		};
		1DDB0D0F24562D78009CA816 /* Release */ = {
			isa = XCBuildConfiguration;
			buildSettings = {
				ASSETCATALOG_COMPILER_APPICON_NAME = AppIcon;
				CODE_SIGN_STYLE = Automatic;
				INFOPLIST_FILE = toDoList/Info.plist;
				LD_RUNPATH_SEARCH_PATHS = (
					"$(inherited)",
					"@executable_path/Frameworks",
				);
				PRODUCT_BUNDLE_IDENTIFIER = Rad.toDoList;
				PRODUCT_NAME = "$(TARGET_NAME)";
				SWIFT_VERSION = 5.0;
				TARGETED_DEVICE_FAMILY = "1,2";
			};
			name = Release;
		};
/* End XCBuildConfiguration section */

/* Begin XCConfigurationList section */
		1DDB0CF424562D73009CA816 /* Build configuration list for PBXProject "toDoList" */ = {
			isa = XCConfigurationList;
			buildConfigurations = (
				1DDB0D0B24562D78009CA816 /* Debug */,
				1DDB0D0C24562D78009CA816 /* Release */,
			);
			defaultConfigurationIsVisible = 0;
			defaultConfigurationName = Release;
		};
		1DDB0D0D24562D78009CA816 /* Build configuration list for PBXNativeTarget "toDoList" */ = {
			isa = XCConfigurationList;
			buildConfigurations = (
				1DDB0D0E24562D78009CA816 /* Debug */,
				1DDB0D0F24562D78009CA816 /* Release */,
			);
			defaultConfigurationIsVisible = 0;
			defaultConfigurationName = Release;
		};
/* End XCConfigurationList section */
	};
	rootObject = 1DDB0CF124562D73009CA816 /* Project object */;
}
